
Microsoft Visual Studio Solution File, Format Version 12.00
# Visual Studio Version 17
VisualStudioVersion = 17.14.36414.22 d17.14
MinimumVisualStudioVersion = 10.0.40219.1
Project("{FAE04EC0-301F-11D3-BF4B-00C04F79EFBC}") = "GrupoDSistema", "GrupoDSistema\GrupoDSistema.csproj", "{4DC6DD8A-C3C4-4774-A209-C3763E54E824}"
EndProject
Global
	GlobalSection(SolutionConfigurationPlatforms) = preSolution
		Debug|Any CPU = Debug|Any CPU
		Release|Any CPU = Release|Any CPU
	EndGlobalSection
	GlobalSection(ProjectConfigurationPlatforms) = postSolution
		{4DC6DD8A-C3C4-4774-A209-C3763E54E824}.Debug|Any CPU.ActiveCfg = Debug|Any CPU
		{4DC6DD8A-C3C4-4774-A209-C3763E54E824}.Debug|Any CPU.Build.0 = Debug|Any CPU
		{4DC6DD8A-C3C4-4774-A209-C3763E54E824}.Release|Any CPU.ActiveCfg = Release|Any CPU
		{4DC6DD8A-C3C4-4774-A209-C3763E54E824}.Release|Any CPU.Build.0 = Release|Any CPU
	EndGlobalSection
	GlobalSection(SolutionProperties) = preSolution
		HideSolutionNode = FALSE
	EndGlobalSection
	GlobalSection(ExtensibilityGlobals) = postSolution
		SolutionGuid = {C9BCA33B-8C0E-476F-9FA5-51E7C83F27D8}
	EndGlobalSection
EndGlobal
